
Microsoft Visual Studio Solution File, Format Version 12.00
# Visual Studio 15
VisualStudioVersion = 15.0.28010.2048
MinimumVisualStudioVersion = 10.0.40219.1
Project("{FAE04EC0-301F-11D3-BF4B-00C04F79EFBC}") = "vitarak", "vitarak.csproj", "{CE06383F-B2F5-47B6-9162-DBE03F41ADA5}"
EndProject
Global
	GlobalSection(SolutionConfigurationPlatforms) = preSolution
		Debug|Any CPU = Debug|Any CPU
		Release|Any CPU = Release|Any CPU
	EndGlobalSection
	GlobalSection(ProjectConfigurationPlatforms) = postSolution
		{CE06383F-B2F5-47B6-9162-DBE03F41ADA5}.Debug|Any CPU.ActiveCfg = Debug|Any CPU
		{CE06383F-B2F5-47B6-9162-DBE03F41ADA5}.Debug|Any CPU.Build.0 = Debug|Any CPU
		{CE06383F-B2F5-47B6-9162-DBE03F41ADA5}.Release|Any CPU.ActiveCfg = Release|Any CPU
		{CE06383F-B2F5-47B6-9162-DBE03F41ADA5}.Release|Any CPU.Build.0 = Release|Any CPU
	EndGlobalSection
	GlobalSection(SolutionProperties) = preSolution
		HideSolutionNode = FALSE
	EndGlobalSection
	GlobalSection(ExtensibilityGlobals) = postSolution
		SolutionGuid = {8CD36873-3508-4E6A-BB07-46453FB57F6E}
	EndGlobalSection
EndGlobal
